
Microsoft Visual Studio Solution File, Format Version 12.00
# Visual Studio Version 16
VisualStudioVersion = 16.0.31005.135
MinimumVisualStudioVersion = 10.0.40219.1
Project("{FAE04EC0-301F-11D3-BF4B-00C04F79EFBC}") = "AstaneGhodsRazavi", "AstaneGhodsRazavi\AstaneGhodsRazavi.csproj", "{C60FB726-8DF5-45A9-8E5D-FEFC214A5FCD}"
EndProject
Global
	GlobalSection(SolutionConfigurationPlatforms) = preSolution
		Debug|Any CPU = Debug|Any CPU
		Release|Any CPU = Release|Any CPU
	EndGlobalSection
	GlobalSection(ProjectConfigurationPlatforms) = postSolution
		{C60FB726-8DF5-45A9-8E5D-FEFC214A5FCD}.Debug|Any CPU.ActiveCfg = Debug|Any CPU
		{C60FB726-8DF5-45A9-8E5D-FEFC214A5FCD}.Debug|Any CPU.Build.0 = Debug|Any CPU
		{C60FB726-8DF5-45A9-8E5D-FEFC214A5FCD}.Release|Any CPU.ActiveCfg = Release|Any CPU
		{C60FB726-8DF5-45A9-8E5D-FEFC214A5FCD}.Release|Any CPU.Build.0 = Release|Any CPU
	EndGlobalSection
	GlobalSection(SolutionProperties) = preSolution
		HideSolutionNode = FALSE
	EndGlobalSection
	GlobalSection(ExtensibilityGlobals) = postSolution
		SolutionGuid = {8EAAF76E-D2F2-4DEE-AC30-846851B0BADB}
	EndGlobalSection
EndGlobal
